
Microsoft Visual Studio Solution File, Format Version 12.00
# Visual Studio 15
VisualStudioVersion = 15.0.28010.2019
MinimumVisualStudioVersion = 10.0.40219.1
Project("{FAE04EC0-301F-11D3-BF4B-00C04F79EFBC}") = "VRER Config Form", "VRER Config Form\VRER Config Form.csproj", "{CE807A28-A209-463C-AB5F-F3FC44589B76}"
EndProject
Global
	GlobalSection(SolutionConfigurationPlatforms) = preSolution
		Debug|Any CPU = Debug|Any CPU
		Release|Any CPU = Release|Any CPU
	EndGlobalSection
	GlobalSection(ProjectConfigurationPlatforms) = postSolution
		{CE807A28-A209-463C-AB5F-F3FC44589B76}.Debug|Any CPU.ActiveCfg = Debug|Any CPU
		{CE807A28-A209-463C-AB5F-F3FC44589B76}.Debug|Any CPU.Build.0 = Debug|Any CPU
		{CE807A28-A209-463C-AB5F-F3FC44589B76}.Release|Any CPU.ActiveCfg = Release|Any CPU
		{CE807A28-A209-463C-AB5F-F3FC44589B76}.Release|Any CPU.Build.0 = Release|Any CPU
	EndGlobalSection
	GlobalSection(SolutionProperties) = preSolution
		HideSolutionNode = FALSE
	EndGlobalSection
	GlobalSection(ExtensibilityGlobals) = postSolution
		SolutionGuid = {49454309-4EDB-4E92-B119-D28E97EEFD9E}
	EndGlobalSection
EndGlobal
